# This file was autogenerated by Stack.
# You should not edit this file by hand.
# For more information, please see the documentation at:
#   https://docs.haskellstack.org/en/stable/lock_files

packages:
- completed:
    hackage: QuickCheck-2.14.2@sha256:4ce29211223d5e6620ebceba34a3ca9ccf1c10c0cf387d48aea45599222ee5aa,7736
    pantry-tree:
      size: 2315
      sha256: 2fe423d0ed7cd64f0f165d708779f48814e66c4f181c568468134af55d86a5f8
  original:
    hackage: QuickCheck-2.14.2
- completed:
    hackage: random-1.2.0@sha256:30d72df4cc1d2fe2d445c88f0ee9d21965af7ce86660c43a6c32a6a1d90d51c9,6094
    pantry-tree:
      size: 1259
      sha256: 92b5a834ba603ee4d006968a75847f4fd93a566b8a96e1b463b8229f8ce9961d
  original:
    hackage: random-1.2.0
- completed:
    hackage: splitmix-0.1.0.3@sha256:fc3aae74c467f4b608050bef53aec17904a618731df9407e655d8f3bf8c32d5c,6049
    pantry-tree:
      size: 1400
      sha256: 8290f921f41c3628a6c9871502e57fd1d25f5954967afbf4ed16717fd8d3656f
  original:
    hackage: splitmix-0.1.0.3
- completed:
    hackage: test-invariant-0.4.5.0@sha256:d1aa6b61e0057a4065eeff3286208e947a0b44c6a2186210399f5e5e7fb0d0dd,1902
    pantry-tree:
      size: 326
      sha256: 4a43697da369287edfe604a1a9d38f07fd50a49816028f25054b07842567cfa2
  original:
    hackage: test-invariant-0.4.5.0
- completed:
    hackage: statistics-0.15.2.0@sha256:6bca4f8f9663db10642354f269b6f5c7384d8bbab8719b59daca08b188e5726d,5575
    pantry-tree:
      size: 5182
      sha256: f12b717d786b45a6c5bebe44928eff4d0bc2c64c81c59358fcc3a6860a5b86f7
  original:
    hackage: statistics-0.15.2.0
- completed:
    hackage: uuid-types-1.0.4@sha256:34de8cf688e30f668cba5e5d79e907eb7f65bca2538ce927fddb42d74840036b,2433
    pantry-tree:
      size: 480
      sha256: 1b4d8a26ba0790aca64ac35d358beba47304438442840adcbedd3381888ba838
  original:
    hackage: uuid-types-1.0.4
- completed:
    hackage: easyplot-1.0@sha256:3fec6ccf425b370ab668eb342bc4cd92777880653e27a982db7b225fd007cb2b,1936
    pantry-tree:
      size: 219
      sha256: a5de94b54a51732bf70a601fca8c905fe074ecf870ea573db36d53a3bbb282f4
  original:
    hackage: easyplot-1.0
- completed:
    hackage: mono-traversable-1.0.15.1@sha256:cad0e8681cd6c96d3303867fc68c80e2f5d55c2c4bf5277c06ca74402fda61c8,2230
    pantry-tree:
      size: 761
      sha256: c9950f4b3409f0e198e6f074abd51b59b0b238b4919b3f6acd0091a3779f2fe2
  original:
    hackage: mono-traversable-1.0.15.1
snapshots:
- completed:
    size: 590100
    url: https://raw.githubusercontent.com/commercialhaskell/stackage-snapshots/master/lts/18/28.yaml
    sha256: 428ec8d5ce932190d3cbe266b9eb3c175cd81e984babf876b64019e2cbe4ea68
  original: lts-18.28
